
Microsoft Visual Studio Solution File, Format Version 12.00
# Visual Studio Version 17
VisualStudioVersion = 17.3.32922.545
MinimumVisualStudioVersion = 10.0.40219.1
Project("{FAE04EC0-301F-11D3-BF4B-00C04F79EFBC}") = "Razor", "Razor.csproj", "{D8CB0581-0BA9-46B7-86F2-334D85FA06EE}"
EndProject
Global
	GlobalSection(SolutionConfigurationPlatforms) = preSolution
		Debug|Any CPU = Debug|Any CPU
		Release|Any CPU = Release|Any CPU
	EndGlobalSection
	GlobalSection(ProjectConfigurationPlatforms) = postSolution
		{D8CB0581-0BA9-46B7-86F2-334D85FA06EE}.Debug|Any CPU.ActiveCfg = Debug|Any CPU
		{D8CB0581-0BA9-46B7-86F2-334D85FA06EE}.Debug|Any CPU.Build.0 = Debug|Any CPU
		{D8CB0581-0BA9-46B7-86F2-334D85FA06EE}.Release|Any CPU.ActiveCfg = Release|Any CPU
		{D8CB0581-0BA9-46B7-86F2-334D85FA06EE}.Release|Any CPU.Build.0 = Release|Any CPU
	EndGlobalSection
	GlobalSection(SolutionProperties) = preSolution
		HideSolutionNode = FALSE
	EndGlobalSection
	GlobalSection(ExtensibilityGlobals) = postSolution
		SolutionGuid = {E9415B16-F0CE-4CA0-966F-B780A7873BEB}
	EndGlobalSection
EndGlobal
