
Microsoft Visual Studio Solution File, Format Version 12.00
# Visual Studio Version 17
VisualStudioVersion = 17.3.32922.545
MinimumVisualStudioVersion = 10.0.40219.1
Project("{FAE04EC0-301F-11D3-BF4B-00C04F79EFBC}") = "Project", "Project.csproj", "{1BF7ED97-E995-42F3-8FC7-CCE6E7531226}"
EndProject
Global
	GlobalSection(SolutionConfigurationPlatforms) = preSolution
		Debug|Any CPU = Debug|Any CPU
		Release|Any CPU = Release|Any CPU
	EndGlobalSection
	GlobalSection(ProjectConfigurationPlatforms) = postSolution
		{1BF7ED97-E995-42F3-8FC7-CCE6E7531226}.Debug|Any CPU.ActiveCfg = Debug|Any CPU
		{1BF7ED97-E995-42F3-8FC7-CCE6E7531226}.Debug|Any CPU.Build.0 = Debug|Any CPU
		{1BF7ED97-E995-42F3-8FC7-CCE6E7531226}.Release|Any CPU.ActiveCfg = Release|Any CPU
		{1BF7ED97-E995-42F3-8FC7-CCE6E7531226}.Release|Any CPU.Build.0 = Release|Any CPU
	EndGlobalSection
	GlobalSection(SolutionProperties) = preSolution
		HideSolutionNode = FALSE
	EndGlobalSection
	GlobalSection(ExtensibilityGlobals) = postSolution
		SolutionGuid = {C2556DCA-595B-4CCC-86C9-F0BC53CFA33D}
	EndGlobalSection
EndGlobal
