
Microsoft Visual Studio Solution File, Format Version 12.00
# Visual Studio Version 17
VisualStudioVersion = 17.4.33122.133
MinimumVisualStudioVersion = 10.0.40219.1
Project("{FAE04EC0-301F-11D3-BF4B-00C04F79EFBC}") = "Sklep", "Sklep\Sklep.csproj", "{D7D8C4D2-4B51-40E3-B700-77848DE6FED7}"
EndProject
Global
	GlobalSection(SolutionConfigurationPlatforms) = preSolution
		Debug|Any CPU = Debug|Any CPU
		Release|Any CPU = Release|Any CPU
	EndGlobalSection
	GlobalSection(ProjectConfigurationPlatforms) = postSolution
		{D7D8C4D2-4B51-40E3-B700-77848DE6FED7}.Debug|Any CPU.ActiveCfg = Debug|Any CPU
		{D7D8C4D2-4B51-40E3-B700-77848DE6FED7}.Debug|Any CPU.Build.0 = Debug|Any CPU
		{D7D8C4D2-4B51-40E3-B700-77848DE6FED7}.Release|Any CPU.ActiveCfg = Release|Any CPU
		{D7D8C4D2-4B51-40E3-B700-77848DE6FED7}.Release|Any CPU.Build.0 = Release|Any CPU
	EndGlobalSection
	GlobalSection(SolutionProperties) = preSolution
		HideSolutionNode = FALSE
	EndGlobalSection
	GlobalSection(ExtensibilityGlobals) = postSolution
		SolutionGuid = {1B33E120-D7DB-45E3-BED3-A0379BCDF800}
	EndGlobalSection
EndGlobal
